{
  "version": 4,
  "terraform_version": "1.14.6",
  "serial": 24,
  "lineage": "0bfb7a7c-556b-d05c-610c-840eaef560d1",
  "outputs": {},
  "resources": [
    {
      "module": "module.ACR",
      "mode": "managed",
      "type": "azurerm_container_registry",
      "name": "example",
      "provider": "provider[\"registry.terraform.io/hashicorp/azurerm\"]",
      "instances": [
        {
          "schema_version": 2,
          "attributes": {
            "admin_enabled": false,
            "admin_password": "",
            "admin_username": "",
            "anonymous_pull_enabled": false,
            "data_endpoint_enabled": false,
            "data_endpoint_host_names": [],
            "encryption": [],
            "export_policy_enabled": true,
            "georeplications": [],
            "id": "/subscriptions/cf82cf7f-de3b-43c0-ae6f-31b3cafee3a4/resourceGroups/rg-nimbus-dev/providers/Microsoft.ContainerRegistry/registries/nimbusacrdev001",
            "identity": [],
            "location": "uksouth",
            "login_server": "nimbusacrdev001.azurecr.io",
            "name": "nimbusacrdev001",
            "network_rule_bypass_option": "AzureServices",
            "network_rule_set": [
              {
                "default_action": "Allow",
                "ip_rule": []
              }
            ],
            "public_network_access_enabled": true,
            "quarantine_policy_enabled": false,
            "resource_group_name": "rg-nimbus-dev",
            "retention_policy_in_days": 0,
            "sku": "Premium",
            "tags": null,
            "timeouts": null,
            "trust_policy_enabled": false,
            "zone_redundancy_enabled": false
          },
          "sensitive_attributes": [
            [
              {
                "type": "get_attr",
                "value": "admin_password"
              }
            ]
          ],
          "identity_schema_version": 0,
          "private": "eyJlMmJmYjczMC1lY2FhLTExZTYtOGY4OC0zNDM2M2JjN2M0YzAiOnsiY3JlYXRlIjoxODAwMDAwMDAwMDAwLCJkZWxldGUiOjE4MDAwMDAwMDAwMDAsInJlYWQiOjMwMDAwMDAwMDAwMCwidXBkYXRlIjoxODAwMDAwMDAwMDAwfSwic2NoZW1hX3ZlcnNpb24iOiIyIn0=",
          "dependencies": [
            "module.resource_group.azurerm_resource_group.example"
          ]
        }
      ]
    },
    {
      "module": "module.keyvaults",
      "mode": "data",
      "type": "azurerm_client_config",
      "name": "current",
      "provider": "provider[\"registry.terraform.io/hashicorp/azurerm\"]",
      "instances": [
        {
          "schema_version": 0,
          "attributes": {
            "client_id": "04b07795-8ddb-461a-bbee-02f9e1bf7b46",
            "id": "Y2xpZW50Q29uZmlncy9jbGllbnRJZD0wNGIwNzc5NS04ZGRiLTQ2MWEtYmJlZS0wMmY5ZTFiZjdiNDY7b2JqZWN0SWQ9N2FiZDRmYTYtN2FjNC00Mzk0LTk4ZjUtZWRmNDFmNWQ2ZjBiO3N1YnNjcmlwdGlvbklkPWNmODJjZjdmLWRlM2ItNDNjMC1hZTZmLTMxYjNjYWZlZTNhNDt0ZW5hbnRJZD0zMDI0ZTU4NC02ZGRmLTQyZDAtODU4ZC00NTQyNzFlNDFiOGQ=",
            "object_id": "7abd4fa6-7ac4-4394-98f5-edf41f5d6f0b",
            "subscription_id": "cf82cf7f-de3b-43c0-ae6f-31b3cafee3a4",
            "tenant_id": "3024e584-6ddf-42d0-858d-454271e41b8d",
            "timeouts": null
          },
          "sensitive_attributes": [],
          "identity_schema_version": 0
        }
      ]
    },
    {
      "module": "module.keyvaults",
      "mode": "managed",
      "type": "azurerm_key_vault",
      "name": "example",
      "provider": "provider[\"registry.terraform.io/hashicorp/azurerm\"]",
      "instances": [
        {
          "schema_version": 2,
          "attributes": {
            "access_policy": [
              {
                "application_id": "",
                "certificate_permissions": null,
                "key_permissions": [
                  "Get"
                ],
                "object_id": "7abd4fa6-7ac4-4394-98f5-edf41f5d6f0b",
                "secret_permissions": [
                  "Get"
                ],
                "storage_permissions": [
                  "Get"
                ],
                "tenant_id": "3024e584-6ddf-42d0-858d-454271e41b8d"
              }
            ],
            "contact": [],
            "enable_rbac_authorization": false,
            "enabled_for_deployment": false,
            "enabled_for_disk_encryption": true,
            "enabled_for_template_deployment": false,
            "id": "/subscriptions/cf82cf7f-de3b-43c0-ae6f-31b3cafee3a4/resourceGroups/rg-nimbus-dev/providers/Microsoft.KeyVault/vaults/nimbus-dev10111-kv",
            "location": "uksouth",
            "name": "nimbus-dev10111-kv",
            "network_acls": [
              {
                "bypass": "AzureServices",
                "default_action": "Allow",
                "ip_rules": [],
                "virtual_network_subnet_ids": []
              }
            ],
            "public_network_access_enabled": true,
            "purge_protection_enabled": true,
            "rbac_authorization_enabled": false,
            "resource_group_name": "rg-nimbus-dev",
            "sku_name": "standard",
            "soft_delete_retention_days": 7,
            "tags": null,
            "tenant_id": "3024e584-6ddf-42d0-858d-454271e41b8d",
            "timeouts": null,
            "vault_uri": "https://nimbus-dev10111-kv.vault.azure.net/"
          },
          "sensitive_attributes": [],
          "identity_schema_version": 0,
          "private": "eyJlMmJmYjczMC1lY2FhLTExZTYtOGY4OC0zNDM2M2JjN2M0YzAiOnsiY3JlYXRlIjoxODAwMDAwMDAwMDAwLCJkZWxldGUiOjE4MDAwMDAwMDAwMDAsInJlYWQiOjMwMDAwMDAwMDAwMCwidXBkYXRlIjoxODAwMDAwMDAwMDAwfSwic2NoZW1hX3ZlcnNpb24iOiIyIn0=",
          "dependencies": [
            "module.keyvaults.data.azurerm_client_config.current",
            "module.resource_group.azurerm_resource_group.example"
          ]
        }
      ]
    },
    {
      "module": "module.resource_group",
      "mode": "managed",
      "type": "azurerm_resource_group",
      "name": "example",
      "provider": "provider[\"registry.terraform.io/hashicorp/azurerm\"]",
      "instances": [
        {
          "schema_version": 0,
          "attributes": {
            "id": "/subscriptions/cf82cf7f-de3b-43c0-ae6f-31b3cafee3a4/resourceGroups/rg-nimbus-dev",
            "location": "uksouth",
            "managed_by": "",
            "name": "rg-nimbus-dev",
            "tags": null,
            "timeouts": null
          },
          "sensitive_attributes": [],
          "identity_schema_version": 0,
          "identity": {
            "name": "rg-nimbus-dev",
            "subscription_id": "cf82cf7f-de3b-43c0-ae6f-31b3cafee3a4"
          },
          "private": "eyJlMmJmYjczMC1lY2FhLTExZTYtOGY4OC0zNDM2M2JjN2M0YzAiOnsiY3JlYXRlIjo1NDAwMDAwMDAwMDAwLCJkZWxldGUiOjU0MDAwMDAwMDAwMDAsInJlYWQiOjMwMDAwMDAwMDAwMCwidXBkYXRlIjo1NDAwMDAwMDAwMDAwfX0="
        }
      ]
    }
  ],
  "check_results": null
}
